
Microsoft Visual Studio Solution File, Format Version 12.00
Project("{FAE04EC0-301F-11D3-BF4B-00C04F79EFBC}") = "Momentum", "Momentum\Momentum.csproj", "{49F81CE2-A03E-4C06-A7E3-6B666BD49A94}"
EndProject
Global
	GlobalSection(SolutionConfigurationPlatforms) = preSolution
		Debug|Any CPU = Debug|Any CPU
		Release|Any CPU = Release|Any CPU
	EndGlobalSection
	GlobalSection(ProjectConfigurationPlatforms) = postSolution
		{49F81CE2-A03E-4C06-A7E3-6B666BD49A94}.Debug|Any CPU.ActiveCfg = Debug|Any CPU
		{49F81CE2-A03E-4C06-A7E3-6B666BD49A94}.Debug|Any CPU.Build.0 = Debug|Any CPU
		{49F81CE2-A03E-4C06-A7E3-6B666BD49A94}.Release|Any CPU.ActiveCfg = Release|Any CPU
		{49F81CE2-A03E-4C06-A7E3-6B666BD49A94}.Release|Any CPU.Build.0 = Release|Any CPU
	EndGlobalSection
EndGlobal
